
Microsoft Visual Studio Solution File, Format Version 12.00
# Visual Studio Version 16
VisualStudioVersion = 16.0.31129.286
MinimumVisualStudioVersion = 10.0.40219.1
Project("{FAE04EC0-301F-11D3-BF4B-00C04F79EFBC}") = "Dx29.Localization", "Dx29.Localization\Dx29.Localization.csproj", "{D5ABFC6D-2DA0-4415-A469-4990FFE94C2C}"
EndProject
Project("{FAE04EC0-301F-11D3-BF4B-00C04F79EFBC}") = "Dx29.Localization.WebAPI", "Dx29.Localization.WebAPI\Dx29.Localization.WebAPI.csproj", "{F49EEEAB-946D-4446-96DA-C6FBC181F336}"
EndProject
Project("{9A19103F-16F7-4668-BE54-9A1E7A4F7556}") = "Dx29", "Dx29\Dx29.csproj", "{E440605B-0B80-4DAB-851E-AACA364DE957}"
EndProject
Project("{9A19103F-16F7-4668-BE54-9A1E7A4F7556}") = "Dx29.Azure", "Dx29.Azure\Dx29.Azure.csproj", "{AD1E2DDA-3ACF-42B0-9F9F-048CD2D9C564}"
EndProject
Project("{FAE04EC0-301F-11D3-BF4B-00C04F79EFBC}") = "Sample", "Sample\Sample.csproj", "{B8A98A33-1350-40A4-9980-5D111562BBF9}"
EndProject
Global
	GlobalSection(SolutionConfigurationPlatforms) = preSolution
		Debug|Any CPU = Debug|Any CPU
		Release|Any CPU = Release|Any CPU
	EndGlobalSection
	GlobalSection(ProjectConfigurationPlatforms) = postSolution
		{D5ABFC6D-2DA0-4415-A469-4990FFE94C2C}.Debug|Any CPU.ActiveCfg = Debug|Any CPU
		{D5ABFC6D-2DA0-4415-A469-4990FFE94C2C}.Debug|Any CPU.Build.0 = Debug|Any CPU
		{D5ABFC6D-2DA0-4415-A469-4990FFE94C2C}.Release|Any CPU.ActiveCfg = Release|Any CPU
		{D5ABFC6D-2DA0-4415-A469-4990FFE94C2C}.Release|Any CPU.Build.0 = Release|Any CPU
		{F49EEEAB-946D-4446-96DA-C6FBC181F336}.Debug|Any CPU.ActiveCfg = Debug|Any CPU
		{F49EEEAB-946D-4446-96DA-C6FBC181F336}.Debug|Any CPU.Build.0 = Debug|Any CPU
		{F49EEEAB-946D-4446-96DA-C6FBC181F336}.Release|Any CPU.ActiveCfg = Release|Any CPU
		{F49EEEAB-946D-4446-96DA-C6FBC181F336}.Release|Any CPU.Build.0 = Release|Any CPU
		{E440605B-0B80-4DAB-851E-AACA364DE957}.Debug|Any CPU.ActiveCfg = Debug|Any CPU
		{E440605B-0B80-4DAB-851E-AACA364DE957}.Debug|Any CPU.Build.0 = Debug|Any CPU
		{E440605B-0B80-4DAB-851E-AACA364DE957}.Release|Any CPU.ActiveCfg = Release|Any CPU
		{E440605B-0B80-4DAB-851E-AACA364DE957}.Release|Any CPU.Build.0 = Release|Any CPU
		{AD1E2DDA-3ACF-42B0-9F9F-048CD2D9C564}.Debug|Any CPU.ActiveCfg = Debug|Any CPU
		{AD1E2DDA-3ACF-42B0-9F9F-048CD2D9C564}.Debug|Any CPU.Build.0 = Debug|Any CPU
		{AD1E2DDA-3ACF-42B0-9F9F-048CD2D9C564}.Release|Any CPU.ActiveCfg = Release|Any CPU
		{AD1E2DDA-3ACF-42B0-9F9F-048CD2D9C564}.Release|Any CPU.Build.0 = Release|Any CPU
		{B8A98A33-1350-40A4-9980-5D111562BBF9}.Debug|Any CPU.ActiveCfg = Debug|Any CPU
		{B8A98A33-1350-40A4-9980-5D111562BBF9}.Debug|Any CPU.Build.0 = Debug|Any CPU
		{B8A98A33-1350-40A4-9980-5D111562BBF9}.Release|Any CPU.ActiveCfg = Release|Any CPU
		{B8A98A33-1350-40A4-9980-5D111562BBF9}.Release|Any CPU.Build.0 = Release|Any CPU
	EndGlobalSection
	GlobalSection(SolutionProperties) = preSolution
		HideSolutionNode = FALSE
	EndGlobalSection
	GlobalSection(ExtensibilityGlobals) = postSolution
		SolutionGuid = {2E3F841B-1E15-4509-B31E-AAAD4901F7EC}
	EndGlobalSection
EndGlobal
